// !$*UTF8*$!
{
	archiveVersion = 1;
	classes = {
	};
	objectVersion = 55;
	objects = {

/* Begin PBXBuildFile section */
		7DEDD35428C9026C00D484CD /* XcodeBenchmarkApp.swift in Sources */ = {isa = PBXBuildFile; fileRef = 7DEDD35328C9026C00D484CD /* XcodeBenchmarkApp.swift */; };
		7DEDD35628C9026C00D484CD /* ContentView1.swift in Sources */ = {isa = PBXBuildFile; fileRef = 7DEDD35528C9026C00D484CD /* ContentView1.swift */; };
		7DEDD35828C9026C00D484CD /* Assets.xcassets in Resources */ = {isa = PBXBuildFile; fileRef = 7DEDD35728C9026C00D484CD /* Assets.xcassets */; };
		7DEDD35B28C9026C00D484CD /* Preview Assets.xcassets in Resources */ = {isa = PBXBuildFile; fileRef = 7DEDD35A28C9026C00D484CD /* Preview Assets.xcassets */; };
		7DEDD36528C9026D00D484CD /* XcodeBenchmarkTests.swift in Sources */ = {isa = PBXBuildFile; fileRef = 7DEDD36428C9026D00D484CD /* XcodeBenchmarkTests.swift */; };
		7DEDD36F28C9026D00D484CD /* XcodeBenchmarkUITests.swift in Sources */ = {isa = PBXBuildFile; fileRef = 7DEDD36E28C9026D00D484CD /* XcodeBenchmarkUITests.swift */; };
		7DEDD37128C9026D00D484CD /* XcodeBenchmarkUITestsLaunchTests.swift in Sources */ = {isa = PBXBuildFile; fileRef = 7DEDD37028C9026D00D484CD /* XcodeBenchmarkUITestsLaunchTests.swift */; };
		7DEDD37E28C9132500D484CD /* ViewModel1.swift in Sources */ = {isa = PBXBuildFile; fileRef = 7DEDD37D28C9132500D484CD /* ViewModel1.swift */; };
		7DEDD3A628C91A7800D484CD /* ContentView3.swift in Sources */ = {isa = PBXBuildFile; fileRef = 7DEDD3A428C91A7800D484CD /* ContentView3.swift */; };
		7DEDD3A728C91A7800D484CD /* ContentView3.swift in Sources */ = {isa = PBXBuildFile; fileRef = 7DEDD3A428C91A7800D484CD /* ContentView3.swift */; };
		7DEDD3A828C91A7800D484CD /* ViewModel3.swift in Sources */ = {isa = PBXBuildFile; fileRef = 7DEDD3A528C91A7800D484CD /* ViewModel3.swift */; };
		7DEDD3A928C91A7800D484CD /* ViewModel3.swift in Sources */ = {isa = PBXBuildFile; fileRef = 7DEDD3A528C91A7800D484CD /* ViewModel3.swift */; };
		7DEDD3BF28C91A8100D484CD /* ContentView4.swift in Sources */ = {isa = PBXBuildFile; fileRef = 7DEDD3AB28C91A8100D484CD /* ContentView4.swift */; };
		7DEDD3C028C91A8100D484CD /* ContentView4.swift in Sources */ = {isa = PBXBuildFile; fileRef = 7DEDD3AB28C91A8100D484CD /* ContentView4.swift */; };
		7DEDD3C128C91A8100D484CD /* ViewModel4.swift in Sources */ = {isa = PBXBuildFile; fileRef = 7DEDD3AC28C91A8100D484CD /* ViewModel4.swift */; };
		7DEDD3C228C91A8100D484CD /* ViewModel4.swift in Sources */ = {isa = PBXBuildFile; fileRef = 7DEDD3AC28C91A8100D484CD /* ViewModel4.swift */; };
		7DEDD3C328C91A8100D484CD /* ContentView7.swift in Sources */ = {isa = PBXBuildFile; fileRef = 7DEDD3AE28C91A8100D484CD /* ContentView7.swift */; };
		7DEDD3C428C91A8100D484CD /* ContentView7.swift in Sources */ = {isa = PBXBuildFile; fileRef = 7DEDD3AE28C91A8100D484CD /* ContentView7.swift */; };
		7DEDD3C528C91A8100D484CD /* ViewModel7.swift in Sources */ = {isa = PBXBuildFile; fileRef = 7DEDD3AF28C91A8100D484CD /* ViewModel7.swift */; };
		7DEDD3C628C91A8100D484CD /* ViewModel7.swift in Sources */ = {isa = PBXBuildFile; fileRef = 7DEDD3AF28C91A8100D484CD /* ViewModel7.swift */; };
		7DEDD3C728C91A8100D484CD /* ViewModel8.swift in Sources */ = {isa = PBXBuildFile; fileRef = 7DEDD3B128C91A8100D484CD /* ViewModel8.swift */; };
		7DEDD3C828C91A8100D484CD /* ViewModel8.swift in Sources */ = {isa = PBXBuildFile; fileRef = 7DEDD3B128C91A8100D484CD /* ViewModel8.swift */; };
		7DEDD3C928C91A8100D484CD /* ContentView8.swift in Sources */ = {isa = PBXBuildFile; fileRef = 7DEDD3B228C91A8100D484CD /* ContentView8.swift */; };
		7DEDD3CA28C91A8100D484CD /* ContentView8.swift in Sources */ = {isa = PBXBuildFile; fileRef = 7DEDD3B228C91A8100D484CD /* ContentView8.swift */; };
		7DEDD3CB28C91A8100D484CD /* ContentView6.swift in Sources */ = {isa = PBXBuildFile; fileRef = 7DEDD3B428C91A8100D484CD /* ContentView6.swift */; };
		7DEDD3CC28C91A8100D484CD /* ContentView6.swift in Sources */ = {isa = PBXBuildFile; fileRef = 7DEDD3B428C91A8100D484CD /* ContentView6.swift */; };
		7DEDD3CD28C91A8100D484CD /* ViewModel6.swift in Sources */ = {isa = PBXBuildFile; fileRef = 7DEDD3B528C91A8100D484CD /* ViewModel6.swift */; };
		7DEDD3CE28C91A8100D484CD /* ViewModel6.swift in Sources */ = {isa = PBXBuildFile; fileRef = 7DEDD3B528C91A8100D484CD /* ViewModel6.swift */; };
		7DEDD3CF28C91A8100D484CD /* ContentView5.swift in Sources */ = {isa = PBXBuildFile; fileRef = 7DEDD3B728C91A8100D484CD /* ContentView5.swift */; };
		7DEDD3D028C91A8100D484CD /* ContentView5.swift in Sources */ = {isa = PBXBuildFile; fileRef = 7DEDD3B728C91A8100D484CD /* ContentView5.swift */; };
		7DEDD3D128C91A8100D484CD /* ViewModel5.swift in Sources */ = {isa = PBXBuildFile; fileRef = 7DEDD3B828C91A8100D484CD /* ViewModel5.swift */; };
		7DEDD3D228C91A8100D484CD /* ViewModel5.swift in Sources */ = {isa = PBXBuildFile; fileRef = 7DEDD3B828C91A8100D484CD /* ViewModel5.swift */; };
		7DEDD3D328C91A8100D484CD /* ContentView10.swift in Sources */ = {isa = PBXBuildFile; fileRef = 7DEDD3BA28C91A8100D484CD /* ContentView10.swift */; };
		7DEDD3D428C91A8100D484CD /* ContentView10.swift in Sources */ = {isa = PBXBuildFile; fileRef = 7DEDD3BA28C91A8100D484CD /* ContentView10.swift */; };
		7DEDD3D528C91A8100D484CD /* ViewModel10.swift in Sources */ = {isa = PBXBuildFile; fileRef = 7DEDD3BB28C91A8100D484CD /* ViewModel10.swift */; };
		7DEDD3D628C91A8100D484CD /* ViewModel10.swift in Sources */ = {isa = PBXBuildFile; fileRef = 7DEDD3BB28C91A8100D484CD /* ViewModel10.swift */; };
		7DEDD3D728C91A8100D484CD /* ViewModel9.swift in Sources */ = {isa = PBXBuildFile; fileRef = 7DEDD3BD28C91A8100D484CD /* ViewModel9.swift */; };
		7DEDD3D828C91A8100D484CD /* ViewModel9.swift in Sources */ = {isa = PBXBuildFile; fileRef = 7DEDD3BD28C91A8100D484CD /* ViewModel9.swift */; };
		7DEDD3D928C91A8100D484CD /* ContentView9.swift in Sources */ = {isa = PBXBuildFile; fileRef = 7DEDD3BE28C91A8100D484CD /* ContentView9.swift */; };
		7DEDD3DA28C91A8100D484CD /* ContentView9.swift in Sources */ = {isa = PBXBuildFile; fileRef = 7DEDD3BE28C91A8100D484CD /* ContentView9.swift */; };
		7DEDD3DE28C91AB400D484CD /* ContentView2.swift in Sources */ = {isa = PBXBuildFile; fileRef = 7DEDD3DC28C91AB400D484CD /* ContentView2.swift */; };
		7DEDD3DF28C91AB400D484CD /* ContentView2.swift in Sources */ = {isa = PBXBuildFile; fileRef = 7DEDD3DC28C91AB400D484CD /* ContentView2.swift */; };
		7DEDD3E028C91AB400D484CD /* ViewModel2.swift in Sources */ = {isa = PBXBuildFile; fileRef = 7DEDD3DD28C91AB400D484CD /* ViewModel2.swift */; };
		7DEDD3E128C91AB400D484CD /* ViewModel2.swift in Sources */ = {isa = PBXBuildFile; fileRef = 7DEDD3DD28C91AB400D484CD /* ViewModel2.swift */; };
/* End PBXBuildFile section */

/* Begin PBXContainerItemProxy section */
		7DEDD36128C9026D00D484CD /* PBXContainerItemProxy */ = {
			isa = PBXContainerItemProxy;
			containerPortal = 7DEDD34828C9026C00D484CD /* Project object */;
			proxyType = 1;
			remoteGlobalIDString = 7DEDD34F28C9026C00D484CD;
			remoteInfo = XcodeBenchmark;
		};
		7DEDD36B28C9026D00D484CD /* PBXContainerItemProxy */ = {
			isa = PBXContainerItemProxy;
			containerPortal = 7DEDD34828C9026C00D484CD /* Project object */;
			proxyType = 1;
			remoteGlobalIDString = 7DEDD34F28C9026C00D484CD;
			remoteInfo = XcodeBenchmark;
		};
/* End PBXContainerItemProxy section */

/* Begin PBXFileReference section */
		7DEDD35028C9026C00D484CD /* XcodeBenchmark.app */ = {isa = PBXFileReference; explicitFileType = wrapper.application; includeInIndex = 0; path = XcodeBenchmark.app; sourceTree = BUILT_PRODUCTS_DIR; };
		7DEDD35328C9026C00D484CD /* XcodeBenchmarkApp.swift */ = {isa = PBXFileReference; lastKnownFileType = sourcecode.swift; path = XcodeBenchmarkApp.swift; sourceTree = "<group>"; };
		7DEDD35528C9026C00D484CD /* ContentView1.swift */ = {isa = PBXFileReference; lastKnownFileType = sourcecode.swift; path = ContentView1.swift; sourceTree = "<group>"; };
		7DEDD35728C9026C00D484CD /* Assets.xcassets */ = {isa = PBXFileReference; lastKnownFileType = folder.assetcatalog; path = Assets.xcassets; sourceTree = "<group>"; };
		7DEDD35A28C9026C00D484CD /* Preview Assets.xcassets */ = {isa = PBXFileReference; lastKnownFileType = folder.assetcatalog; path = "Preview Assets.xcassets"; sourceTree = "<group>"; };
		7DEDD36028C9026D00D484CD /* XcodeBenchmarkTests.xctest */ = {isa = PBXFileReference; explicitFileType = wrapper.cfbundle; includeInIndex = 0; path = XcodeBenchmarkTests.xctest; sourceTree = BUILT_PRODUCTS_DIR; };
		7DEDD36428C9026D00D484CD /* XcodeBenchmarkTests.swift */ = {isa = PBXFileReference; lastKnownFileType = sourcecode.swift; path = XcodeBenchmarkTests.swift; sourceTree = "<group>"; };
		7DEDD36A28C9026D00D484CD /* XcodeBenchmarkUITests.xctest */ = {isa = PBXFileReference; explicitFileType = wrapper.cfbundle; includeInIndex = 0; path = XcodeBenchmarkUITests.xctest; sourceTree = BUILT_PRODUCTS_DIR; };
		7DEDD36E28C9026D00D484CD /* XcodeBenchmarkUITests.swift */ = {isa = PBXFileReference; lastKnownFileType = sourcecode.swift; path = XcodeBenchmarkUITests.swift; sourceTree = "<group>"; };
		7DEDD37028C9026D00D484CD /* XcodeBenchmarkUITestsLaunchTests.swift */ = {isa = PBXFileReference; lastKnownFileType = sourcecode.swift; path = XcodeBenchmarkUITestsLaunchTests.swift; sourceTree = "<group>"; };
		7DEDD37D28C9132500D484CD /* ViewModel1.swift */ = {isa = PBXFileReference; lastKnownFileType = sourcecode.swift; path = ViewModel1.swift; sourceTree = "<group>"; };
		7DEDD3A428C91A7800D484CD /* ContentView3.swift */ = {isa = PBXFileReference; fileEncoding = 4; lastKnownFileType = sourcecode.swift; path = ContentView3.swift; sourceTree = "<group>"; };
		7DEDD3A528C91A7800D484CD /* ViewModel3.swift */ = {isa = PBXFileReference; fileEncoding = 4; lastKnownFileType = sourcecode.swift; path = ViewModel3.swift; sourceTree = "<group>"; };
		7DEDD3AB28C91A8100D484CD /* ContentView4.swift */ = {isa = PBXFileReference; fileEncoding = 4; lastKnownFileType = sourcecode.swift; path = ContentView4.swift; sourceTree = "<group>"; };
		7DEDD3AC28C91A8100D484CD /* ViewModel4.swift */ = {isa = PBXFileReference; fileEncoding = 4; lastKnownFileType = sourcecode.swift; path = ViewModel4.swift; sourceTree = "<group>"; };
		7DEDD3AE28C91A8100D484CD /* ContentView7.swift */ = {isa = PBXFileReference; fileEncoding = 4; lastKnownFileType = sourcecode.swift; path = ContentView7.swift; sourceTree = "<group>"; };
		7DEDD3AF28C91A8100D484CD /* ViewModel7.swift */ = {isa = PBXFileReference; fileEncoding = 4; lastKnownFileType = sourcecode.swift; path = ViewModel7.swift; sourceTree = "<group>"; };
		7DEDD3B128C91A8100D484CD /* ViewModel8.swift */ = {isa = PBXFileReference; fileEncoding = 4; lastKnownFileType = sourcecode.swift; path = ViewModel8.swift; sourceTree = "<group>"; };
		7DEDD3B228C91A8100D484CD /* ContentView8.swift */ = {isa = PBXFileReference; fileEncoding = 4; lastKnownFileType = sourcecode.swift; path = ContentView8.swift; sourceTree = "<group>"; };
		7DEDD3B428C91A8100D484CD /* ContentView6.swift */ = {isa = PBXFileReference; fileEncoding = 4; lastKnownFileType = sourcecode.swift; path = ContentView6.swift; sourceTree = "<group>"; };
		7DEDD3B528C91A8100D484CD /* ViewModel6.swift */ = {isa = PBXFileReference; fileEncoding = 4; lastKnownFileType = sourcecode.swift; path = ViewModel6.swift; sourceTree = "<group>"; };
		7DEDD3B728C91A8100D484CD /* ContentView5.swift */ = {isa = PBXFileReference; fileEncoding = 4; lastKnownFileType = sourcecode.swift; path = ContentView5.swift; sourceTree = "<group>"; };
		7DEDD3B828C91A8100D484CD /* ViewModel5.swift */ = {isa = PBXFileReference; fileEncoding = 4; lastKnownFileType = sourcecode.swift; path = ViewModel5.swift; sourceTree = "<group>"; };
		7DEDD3BA28C91A8100D484CD /* ContentView10.swift */ = {isa = PBXFileReference; fileEncoding = 4; lastKnownFileType = sourcecode.swift; path = ContentView10.swift; sourceTree = "<group>"; };
		7DEDD3BB28C91A8100D484CD /* ViewModel10.swift */ = {isa = PBXFileReference; fileEncoding = 4; lastKnownFileType = sourcecode.swift; path = ViewModel10.swift; sourceTree = "<group>"; };
		7DEDD3BD28C91A8100D484CD /* ViewModel9.swift */ = {isa = PBXFileReference; fileEncoding = 4; lastKnownFileType = sourcecode.swift; path = ViewModel9.swift; sourceTree = "<group>"; };
		7DEDD3BE28C91A8100D484CD /* ContentView9.swift */ = {isa = PBXFileReference; fileEncoding = 4; lastKnownFileType = sourcecode.swift; path = ContentView9.swift; sourceTree = "<group>"; };
		7DEDD3DC28C91AB400D484CD /* ContentView2.swift */ = {isa = PBXFileReference; fileEncoding = 4; lastKnownFileType = sourcecode.swift; path = ContentView2.swift; sourceTree = "<group>"; };
		7DEDD3DD28C91AB400D484CD /* ViewModel2.swift */ = {isa = PBXFileReference; fileEncoding = 4; lastKnownFileType = sourcecode.swift; path = ViewModel2.swift; sourceTree = "<group>"; };
/* End PBXFileReference section */

/* Begin PBXFrameworksBuildPhase section */
		7DEDD34D28C9026C00D484CD /* Frameworks */ = {
			isa = PBXFrameworksBuildPhase;
			buildActionMask = 2147483647;
			files = (
			);
			runOnlyForDeploymentPostprocessing = 0;
		};
		7DEDD35D28C9026D00D484CD /* Frameworks */ = {
			isa = PBXFrameworksBuildPhase;
			buildActionMask = 2147483647;
			files = (
			);
			runOnlyForDeploymentPostprocessing = 0;
		};
		7DEDD36728C9026D00D484CD /* Frameworks */ = {
			isa = PBXFrameworksBuildPhase;
			buildActionMask = 2147483647;
			files = (
			);
			runOnlyForDeploymentPostprocessing = 0;
		};
/* End PBXFrameworksBuildPhase section */

/* Begin PBXGroup section */
		7DEDD34728C9026C00D484CD = {
			isa = PBXGroup;
			children = (
				7DEDD35228C9026C00D484CD /* XcodeBenchmark */,
				7DEDD36328C9026D00D484CD /* XcodeBenchmarkTests */,
				7DEDD36D28C9026D00D484CD /* XcodeBenchmarkUITests */,
				7DEDD35128C9026C00D484CD /* Products */,
			);
			sourceTree = "<group>";
		};
		7DEDD35128C9026C00D484CD /* Products */ = {
			isa = PBXGroup;
			children = (
				7DEDD35028C9026C00D484CD /* XcodeBenchmark.app */,
				7DEDD36028C9026D00D484CD /* XcodeBenchmarkTests.xctest */,
				7DEDD36A28C9026D00D484CD /* XcodeBenchmarkUITests.xctest */,
			);
			name = Products;
			sourceTree = "<group>";
		};
		7DEDD35228C9026C00D484CD /* XcodeBenchmark */ = {
			isa = PBXGroup;
			children = (
				7DEDD35328C9026C00D484CD /* XcodeBenchmarkApp.swift */,
				7DEDD38028C9162B00D484CD /* Screen1 */,
				7DEDD3DB28C91AB400D484CD /* Screen2 */,
				7DEDD3A328C91A7800D484CD /* Screen3 */,
				7DEDD3AA28C91A8100D484CD /* Screen4 */,
				7DEDD3B628C91A8100D484CD /* Screen5 */,
				7DEDD3B328C91A8100D484CD /* Screen6 */,
				7DEDD3AD28C91A8100D484CD /* Screen7 */,
				7DEDD3B028C91A8100D484CD /* Screen8 */,
				7DEDD3BC28C91A8100D484CD /* Screen9 */,
				7DEDD3B928C91A8100D484CD /* Screen10 */,
				7DEDD35728C9026C00D484CD /* Assets.xcassets */,
				7DEDD35928C9026C00D484CD /* Preview Content */,
			);
			path = XcodeBenchmark;
			sourceTree = "<group>";
		};
		7DEDD35928C9026C00D484CD /* Preview Content */ = {
			isa = PBXGroup;
			children = (
				7DEDD35A28C9026C00D484CD /* Preview Assets.xcassets */,
			);
			path = "Preview Content";
			sourceTree = "<group>";
		};
		7DEDD36328C9026D00D484CD /* XcodeBenchmarkTests */ = {
			isa = PBXGroup;
			children = (
				7DEDD36428C9026D00D484CD /* XcodeBenchmarkTests.swift */,
			);
			path = XcodeBenchmarkTests;
			sourceTree = "<group>";
		};
		7DEDD36D28C9026D00D484CD /* XcodeBenchmarkUITests */ = {
			isa = PBXGroup;
			children = (
				7DEDD36E28C9026D00D484CD /* XcodeBenchmarkUITests.swift */,
				7DEDD37028C9026D00D484CD /* XcodeBenchmarkUITestsLaunchTests.swift */,
			);
			path = XcodeBenchmarkUITests;
			sourceTree = "<group>";
		};
		7DEDD38028C9162B00D484CD /* Screen1 */ = {
			isa = PBXGroup;
			children = (
				7DEDD35528C9026C00D484CD /* ContentView1.swift */,
				7DEDD37D28C9132500D484CD /* ViewModel1.swift */,
			);
			path = Screen1;
			sourceTree = "<group>";
		};
		7DEDD3A328C91A7800D484CD /* Screen3 */ = {
			isa = PBXGroup;
			children = (
				7DEDD3A428C91A7800D484CD /* ContentView3.swift */,
				7DEDD3A528C91A7800D484CD /* ViewModel3.swift */,
			);
			path = Screen3;
			sourceTree = "<group>";
		};
		7DEDD3AA28C91A8100D484CD /* Screen4 */ = {
			isa = PBXGroup;
			children = (
				7DEDD3AB28C91A8100D484CD /* ContentView4.swift */,
				7DEDD3AC28C91A8100D484CD /* ViewModel4.swift */,
			);
			path = Screen4;
			sourceTree = "<group>";
		};
		7DEDD3AD28C91A8100D484CD /* Screen7 */ = {
			isa = PBXGroup;
			children = (
				7DEDD3AE28C91A8100D484CD /* ContentView7.swift */,
				7DEDD3AF28C91A8100D484CD /* ViewModel7.swift */,
			);
			path = Screen7;
			sourceTree = "<group>";
		};
		7DEDD3B028C91A8100D484CD /* Screen8 */ = {
			isa = PBXGroup;
			children = (
				7DEDD3B128C91A8100D484CD /* ViewModel8.swift */,
				7DEDD3B228C91A8100D484CD /* ContentView8.swift */,
			);
			path = Screen8;
			sourceTree = "<group>";
		};
		7DEDD3B328C91A8100D484CD /* Screen6 */ = {
			isa = PBXGroup;
			children = (
				7DEDD3B428C91A8100D484CD /* ContentView6.swift */,
				7DEDD3B528C91A8100D484CD /* ViewModel6.swift */,
			);
			path = Screen6;
			sourceTree = "<group>";
		};
		7DEDD3B628C91A8100D484CD /* Screen5 */ = {
			isa = PBXGroup;
			children = (
				7DEDD3B728C91A8100D484CD /* ContentView5.swift */,
				7DEDD3B828C91A8100D484CD /* ViewModel5.swift */,
			);
			path = Screen5;
			sourceTree = "<group>";
		};
		7DEDD3B928C91A8100D484CD /* Screen10 */ = {
			isa = PBXGroup;
			children = (
				7DEDD3BA28C91A8100D484CD /* ContentView10.swift */,
				7DEDD3BB28C91A8100D484CD /* ViewModel10.swift */,
			);
			path = Screen10;
			sourceTree = "<group>";
		};
		7DEDD3BC28C91A8100D484CD /* Screen9 */ = {
			isa = PBXGroup;
			children = (
				7DEDD3BD28C91A8100D484CD /* ViewModel9.swift */,
				7DEDD3BE28C91A8100D484CD /* ContentView9.swift */,
			);
			path = Screen9;
			sourceTree = "<group>";
		};
		7DEDD3DB28C91AB400D484CD /* Screen2 */ = {
			isa = PBXGroup;
			children = (
				7DEDD3DC28C91AB400D484CD /* ContentView2.swift */,
				7DEDD3DD28C91AB400D484CD /* ViewModel2.swift */,
			);
			path = Screen2;
			sourceTree = "<group>";
		};
/* End PBXGroup section */

/* Begin PBXNativeTarget section */
		7DEDD34F28C9026C00D484CD /* XcodeBenchmark */ = {
			isa = PBXNativeTarget;
			buildConfigurationList = 7DEDD37428C9026D00D484CD /* Build configuration list for PBXNativeTarget "XcodeBenchmark" */;
			buildPhases = (
				7DEDD34C28C9026C00D484CD /* Sources */,
				7DEDD34D28C9026C00D484CD /* Frameworks */,
				7DEDD34E28C9026C00D484CD /* Resources */,
			);
			buildRules = (
			);
			dependencies = (
			);
			name = XcodeBenchmark;
			productName = XcodeBenchmark;
			productReference = 7DEDD35028C9026C00D484CD /* XcodeBenchmark.app */;
			productType = "com.apple.product-type.application";
		};
		7DEDD35F28C9026D00D484CD /* XcodeBenchmarkTests */ = {
			isa = PBXNativeTarget;
			buildConfigurationList = 7DEDD37728C9026D00D484CD /* Build configuration list for PBXNativeTarget "XcodeBenchmarkTests" */;
			buildPhases = (
				7DEDD35C28C9026D00D484CD /* Sources */,
				7DEDD35D28C9026D00D484CD /* Frameworks */,
				7DEDD35E28C9026D00D484CD /* Resources */,
			);
			buildRules = (
			);
			dependencies = (
				7DEDD36228C9026D00D484CD /* PBXTargetDependency */,
			);
			name = XcodeBenchmarkTests;
			productName = XcodeBenchmarkTests;
			productReference = 7DEDD36028C9026D00D484CD /* XcodeBenchmarkTests.xctest */;
			productType = "com.apple.product-type.bundle.unit-test";
		};
		7DEDD36928C9026D00D484CD /* XcodeBenchmarkUITests */ = {
			isa = PBXNativeTarget;
			buildConfigurationList = 7DEDD37A28C9026D00D484CD /* Build configuration list for PBXNativeTarget "XcodeBenchmarkUITests" */;
			buildPhases = (
				7DEDD36628C9026D00D484CD /* Sources */,
				7DEDD36728C9026D00D484CD /* Frameworks */,
				7DEDD36828C9026D00D484CD /* Resources */,
			);
			buildRules = (
			);
			dependencies = (
				7DEDD36C28C9026D00D484CD /* PBXTargetDependency */,
			);
			name = XcodeBenchmarkUITests;
			productName = XcodeBenchmarkUITests;
			productReference = 7DEDD36A28C9026D00D484CD /* XcodeBenchmarkUITests.xctest */;
			productType = "com.apple.product-type.bundle.ui-testing";
		};
/* End PBXNativeTarget section */

/* Begin PBXProject section */
		7DEDD34828C9026C00D484CD /* Project object */ = {
			isa = PBXProject;
			attributes = {
				BuildIndependentTargetsInParallel = 1;
				LastSwiftUpdateCheck = 1340;
				LastUpgradeCheck = 1340;
				TargetAttributes = {
					7DEDD34F28C9026C00D484CD = {
						CreatedOnToolsVersion = 13.4.1;
					};
					7DEDD35F28C9026D00D484CD = {
						CreatedOnToolsVersion = 13.4.1;
						TestTargetID = 7DEDD34F28C9026C00D484CD;
					};
					7DEDD36928C9026D00D484CD = {
						CreatedOnToolsVersion = 13.4.1;
						TestTargetID = 7DEDD34F28C9026C00D484CD;
					};
				};
			};
			buildConfigurationList = 7DEDD34B28C9026C00D484CD /* Build configuration list for PBXProject "XcodeBenchmark" */;
			compatibilityVersion = "Xcode 13.0";
			developmentRegion = en;
			hasScannedForEncodings = 0;
			knownRegions = (
				en,
				Base,
			);
			mainGroup = 7DEDD34728C9026C00D484CD;
			productRefGroup = 7DEDD35128C9026C00D484CD /* Products */;
			projectDirPath = "";
			projectRoot = "";
			targets = (
				7DEDD34F28C9026C00D484CD /* XcodeBenchmark */,
				7DEDD35F28C9026D00D484CD /* XcodeBenchmarkTests */,
				7DEDD36928C9026D00D484CD /* XcodeBenchmarkUITests */,
			);
		};
/* End PBXProject section */

/* Begin PBXResourcesBuildPhase section */
		7DEDD34E28C9026C00D484CD /* Resources */ = {
			isa = PBXResourcesBuildPhase;
			buildActionMask = 2147483647;
			files = (
				7DEDD35B28C9026C00D484CD /* Preview Assets.xcassets in Resources */,
				7DEDD35828C9026C00D484CD /* Assets.xcassets in Resources */,
			);
			runOnlyForDeploymentPostprocessing = 0;
		};
		7DEDD35E28C9026D00D484CD /* Resources */ = {
			isa = PBXResourcesBuildPhase;
			buildActionMask = 2147483647;
			files = (
			);
			runOnlyForDeploymentPostprocessing = 0;
		};
		7DEDD36828C9026D00D484CD /* Resources */ = {
			isa = PBXResourcesBuildPhase;
			buildActionMask = 2147483647;
			files = (
			);
			runOnlyForDeploymentPostprocessing = 0;
		};
/* End PBXResourcesBuildPhase section */

/* Begin PBXSourcesBuildPhase section */
		7DEDD34C28C9026C00D484CD /* Sources */ = {
			isa = PBXSourcesBuildPhase;
			buildActionMask = 2147483647;
			files = (
				7DEDD3C928C91A8100D484CD /* ContentView8.swift in Sources */,
				7DEDD3C128C91A8100D484CD /* ViewModel4.swift in Sources */,
				7DEDD3D928C91A8100D484CD /* ContentView9.swift in Sources */,
				7DEDD3C528C91A8100D484CD /* ViewModel7.swift in Sources */,
				7DEDD35628C9026C00D484CD /* ContentView1.swift in Sources */,
				7DEDD3C728C91A8100D484CD /* ViewModel8.swift in Sources */,
				7DEDD3D328C91A8100D484CD /* ContentView10.swift in Sources */,
				7DEDD3C328C91A8100D484CD /* ContentView7.swift in Sources */,
				7DEDD3CD28C91A8100D484CD /* ViewModel6.swift in Sources */,
				7DEDD37E28C9132500D484CD /* ViewModel1.swift in Sources */,
				7DEDD3D528C91A8100D484CD /* ViewModel10.swift in Sources */,
				7DEDD3D728C91A8100D484CD /* ViewModel9.swift in Sources */,
				7DEDD3A628C91A7800D484CD /* ContentView3.swift in Sources */,
				7DEDD3E028C91AB400D484CD /* ViewModel2.swift in Sources */,
				7DEDD3DE28C91AB400D484CD /* ContentView2.swift in Sources */,
				7DEDD3BF28C91A8100D484CD /* ContentView4.swift in Sources */,
				7DEDD3CB28C91A8100D484CD /* ContentView6.swift in Sources */,
				7DEDD3A828C91A7800D484CD /* ViewModel3.swift in Sources */,
				7DEDD3CF28C91A8100D484CD /* ContentView5.swift in Sources */,
				7DEDD3D128C91A8100D484CD /* ViewModel5.swift in Sources */,
				7DEDD35428C9026C00D484CD /* XcodeBenchmarkApp.swift in Sources */,
			);
			runOnlyForDeploymentPostprocessing = 0;
		};
		7DEDD35C28C9026D00D484CD /* Sources */ = {
			isa = PBXSourcesBuildPhase;
			buildActionMask = 2147483647;
			files = (
				7DEDD3D828C91A8100D484CD /* ViewModel9.swift in Sources */,
				7DEDD3D028C91A8100D484CD /* ContentView5.swift in Sources */,
				7DEDD3D228C91A8100D484CD /* ViewModel5.swift in Sources */,
				7DEDD3C428C91A8100D484CD /* ContentView7.swift in Sources */,
				7DEDD3A728C91A7800D484CD /* ContentView3.swift in Sources */,
				7DEDD3A928C91A7800D484CD /* ViewModel3.swift in Sources */,
				7DEDD3D428C91A8100D484CD /* ContentView10.swift in Sources */,
				7DEDD3CC28C91A8100D484CD /* ContentView6.swift in Sources */,
				7DEDD3DA28C91A8100D484CD /* ContentView9.swift in Sources */,
				7DEDD3CE28C91A8100D484CD /* ViewModel6.swift in Sources */,
				7DEDD36528C9026D00D484CD /* XcodeBenchmarkTests.swift in Sources */,
				7DEDD3C228C91A8100D484CD /* ViewModel4.swift in Sources */,
				7DEDD3C628C91A8100D484CD /* ViewModel7.swift in Sources */,
				7DEDD3D628C91A8100D484CD /* ViewModel10.swift in Sources */,
				7DEDD3CA28C91A8100D484CD /* ContentView8.swift in Sources */,
				7DEDD3E128C91AB400D484CD /* ViewModel2.swift in Sources */,
				7DEDD3DF28C91AB400D484CD /* ContentView2.swift in Sources */,
				7DEDD3C028C91A8100D484CD /* ContentView4.swift in Sources */,
				7DEDD3C828C91A8100D484CD /* ViewModel8.swift in Sources */,
			);
			runOnlyForDeploymentPostprocessing = 0;
		};
		7DEDD36628C9026D00D484CD /* Sources */ = {
			isa = PBXSourcesBuildPhase;
			buildActionMask = 2147483647;
			files = (
				7DEDD37128C9026D00D484CD /* XcodeBenchmarkUITestsLaunchTests.swift in Sources */,
				7DEDD36F28C9026D00D484CD /* XcodeBenchmarkUITests.swift in Sources */,
			);
			runOnlyForDeploymentPostprocessing = 0;
		};
/* End PBXSourcesBuildPhase section */

/* Begin PBXTargetDependency section */
		7DEDD36228C9026D00D484CD /* PBXTargetDependency */ = {
			isa = PBXTargetDependency;
			target = 7DEDD34F28C9026C00D484CD /* XcodeBenchmark */;
			targetProxy = 7DEDD36128C9026D00D484CD /* PBXContainerItemProxy */;
		};
		7DEDD36C28C9026D00D484CD /* PBXTargetDependency */ = {
			isa = PBXTargetDependency;
			target = 7DEDD34F28C9026C00D484CD /* XcodeBenchmark */;
			targetProxy = 7DEDD36B28C9026D00D484CD /* PBXContainerItemProxy */;
		};
/* End PBXTargetDependency section */

/* Begin XCBuildConfiguration section */
		7DEDD37228C9026D00D484CD /* Debug */ = {
			isa = XCBuildConfiguration;
			buildSettings = {
				ALWAYS_SEARCH_USER_PATHS = NO;
				CLANG_ANALYZER_NONNULL = YES;
				CLANG_ANALYZER_NUMBER_OBJECT_CONVERSION = YES_AGGRESSIVE;
				CLANG_CXX_LANGUAGE_STANDARD = "gnu++17";
				CLANG_ENABLE_MODULES = YES;
				CLANG_ENABLE_OBJC_ARC = YES;
				CLANG_ENABLE_OBJC_WEAK = YES;
				CLANG_WARN_BLOCK_CAPTURE_AUTORELEASING = YES;
				CLANG_WARN_BOOL_CONVERSION = YES;
				CLANG_WARN_COMMA = YES;
				CLANG_WARN_CONSTANT_CONVERSION = YES;
				CLANG_WARN_DEPRECATED_OBJC_IMPLEMENTATIONS = YES;
				CLANG_WARN_DIRECT_OBJC_ISA_USAGE = YES_ERROR;
				CLANG_WARN_DOCUMENTATION_COMMENTS = YES;
				CLANG_WARN_EMPTY_BODY = YES;
				CLANG_WARN_ENUM_CONVERSION = YES;
				CLANG_WARN_INFINITE_RECURSION = YES;
				CLANG_WARN_INT_CONVERSION = YES;
				CLANG_WARN_NON_LITERAL_NULL_CONVERSION = YES;
				CLANG_WARN_OBJC_IMPLICIT_RETAIN_SELF = YES;
				CLANG_WARN_OBJC_LITERAL_CONVERSION = YES;
				CLANG_WARN_OBJC_ROOT_CLASS = YES_ERROR;
				CLANG_WARN_QUOTED_INCLUDE_IN_FRAMEWORK_HEADER = YES;
				CLANG_WARN_RANGE_LOOP_ANALYSIS = YES;
				CLANG_WARN_STRICT_PROTOTYPES = YES;
				CLANG_WARN_SUSPICIOUS_MOVE = YES;
				CLANG_WARN_UNGUARDED_AVAILABILITY = YES_AGGRESSIVE;
				CLANG_WARN_UNREACHABLE_CODE = YES;
				CLANG_WARN__DUPLICATE_METHOD_MATCH = YES;
				COPY_PHASE_STRIP = NO;
				DEBUG_INFORMATION_FORMAT = dwarf;
				ENABLE_STRICT_OBJC_MSGSEND = YES;
				ENABLE_TESTABILITY = YES;
				GCC_C_LANGUAGE_STANDARD = gnu11;
				GCC_DYNAMIC_NO_PIC = NO;
				GCC_NO_COMMON_BLOCKS = YES;
				GCC_OPTIMIZATION_LEVEL = 0;
				GCC_PREPROCESSOR_DEFINITIONS = (
					"DEBUG=1",
					"$(inherited)",
				);
				GCC_WARN_64_TO_32_BIT_CONVERSION = YES;
				GCC_WARN_ABOUT_RETURN_TYPE = YES_ERROR;
				GCC_WARN_UNDECLARED_SELECTOR = YES;
				GCC_WARN_UNINITIALIZED_AUTOS = YES_AGGRESSIVE;
				GCC_WARN_UNUSED_FUNCTION = YES;
				GCC_WARN_UNUSED_VARIABLE = YES;
				IPHONEOS_DEPLOYMENT_TARGET = 15.5;
				MTL_ENABLE_DEBUG_INFO = INCLUDE_SOURCE;
				MTL_FAST_MATH = YES;
				ONLY_ACTIVE_ARCH = YES;
				SDKROOT = iphoneos;
				SWIFT_ACTIVE_COMPILATION_CONDITIONS = DEBUG;
				SWIFT_OPTIMIZATION_LEVEL = "-Onone";
			};
			name = Debug;
		};
		7DEDD37328C9026D00D484CD /* Release */ = {
			isa = XCBuildConfiguration;
			buildSettings = {
				ALWAYS_SEARCH_USER_PATHS = NO;
				CLANG_ANALYZER_NONNULL = YES;
				CLANG_ANALYZER_NUMBER_OBJECT_CONVERSION = YES_AGGRESSIVE;
				CLANG_CXX_LANGUAGE_STANDARD = "gnu++17";
				CLANG_ENABLE_MODULES = YES;
				CLANG_ENABLE_OBJC_ARC = YES;
				CLANG_ENABLE_OBJC_WEAK = YES;
				CLANG_WARN_BLOCK_CAPTURE_AUTORELEASING = YES;
				CLANG_WARN_BOOL_CONVERSION = YES;
				CLANG_WARN_COMMA = YES;
				CLANG_WARN_CONSTANT_CONVERSION = YES;
				CLANG_WARN_DEPRECATED_OBJC_IMPLEMENTATIONS = YES;
				CLANG_WARN_DIRECT_OBJC_ISA_USAGE = YES_ERROR;
				CLANG_WARN_DOCUMENTATION_COMMENTS = YES;
				CLANG_WARN_EMPTY_BODY = YES;
				CLANG_WARN_ENUM_CONVERSION = YES;
				CLANG_WARN_INFINITE_RECURSION = YES;
				CLANG_WARN_INT_CONVERSION = YES;
				CLANG_WARN_NON_LITERAL_NULL_CONVERSION = YES;
				CLANG_WARN_OBJC_IMPLICIT_RETAIN_SELF = YES;
				CLANG_WARN_OBJC_LITERAL_CONVERSION = YES;
				CLANG_WARN_OBJC_ROOT_CLASS = YES_ERROR;
				CLANG_WARN_QUOTED_INCLUDE_IN_FRAMEWORK_HEADER = YES;
				CLANG_WARN_RANGE_LOOP_ANALYSIS = YES;
				CLANG_WARN_STRICT_PROTOTYPES = YES;
				CLANG_WARN_SUSPICIOUS_MOVE = YES;
				CLANG_WARN_UNGUARDED_AVAILABILITY = YES_AGGRESSIVE;
				CLANG_WARN_UNREACHABLE_CODE = YES;
				CLANG_WARN__DUPLICATE_METHOD_MATCH = YES;
				COPY_PHASE_STRIP = NO;
				DEBUG_INFORMATION_FORMAT = "dwarf-with-dsym";
				ENABLE_NS_ASSERTIONS = NO;
				ENABLE_STRICT_OBJC_MSGSEND = YES;
				GCC_C_LANGUAGE_STANDARD = gnu11;
				GCC_NO_COMMON_BLOCKS = YES;
				GCC_WARN_64_TO_32_BIT_CONVERSION = YES;
				GCC_WARN_ABOUT_RETURN_TYPE = YES_ERROR;
				GCC_WARN_UNDECLARED_SELECTOR = YES;
				GCC_WARN_UNINITIALIZED_AUTOS = YES_AGGRESSIVE;
				GCC_WARN_UNUSED_FUNCTION = YES;
				GCC_WARN_UNUSED_VARIABLE = YES;
				IPHONEOS_DEPLOYMENT_TARGET = 15.5;
				MTL_ENABLE_DEBUG_INFO = NO;
				MTL_FAST_MATH = YES;
				SDKROOT = iphoneos;
				SWIFT_COMPILATION_MODE = wholemodule;
				SWIFT_OPTIMIZATION_LEVEL = "-O";
				VALIDATE_PRODUCT = YES;
			};
			name = Release;
		};
		7DEDD37528C9026D00D484CD /* Debug */ = {
			isa = XCBuildConfiguration;
			buildSettings = {
				ASSETCATALOG_COMPILER_APPICON_NAME = AppIcon;
				ASSETCATALOG_COMPILER_GLOBAL_ACCENT_COLOR_NAME = AccentColor;
				CODE_SIGN_STYLE = Automatic;
				CURRENT_PROJECT_VERSION = 1;
				DEVELOPMENT_ASSET_PATHS = "\"XcodeBenchmark/Preview Content\"";
				ENABLE_PREVIEWS = YES;
				GENERATE_INFOPLIST_FILE = YES;
				INFOPLIST_KEY_UIApplicationSceneManifest_Generation = YES;
				INFOPLIST_KEY_UIApplicationSupportsIndirectInputEvents = YES;
				INFOPLIST_KEY_UILaunchScreen_Generation = YES;
				INFOPLIST_KEY_UISupportedInterfaceOrientations_iPad = "UIInterfaceOrientationPortrait UIInterfaceOrientationPortraitUpsideDown UIInterfaceOrientationLandscapeLeft UIInterfaceOrientationLandscapeRight";
				INFOPLIST_KEY_UISupportedInterfaceOrientations_iPhone = "UIInterfaceOrientationPortrait UIInterfaceOrientationLandscapeLeft UIInterfaceOrientationLandscapeRight";
				LD_RUNPATH_SEARCH_PATHS = (
					"$(inherited)",
					"@executable_path/Frameworks",
				);
				MARKETING_VERSION = 1.0;
				PRODUCT_BUNDLE_IDENTIFIER = tahabebek.XcodeBenchmark;
				PRODUCT_NAME = "$(TARGET_NAME)";
				SWIFT_EMIT_LOC_STRINGS = YES;
				SWIFT_VERSION = 5.0;
				TARGETED_DEVICE_FAMILY = "1,2";
			};
			name = Debug;
		};
		7DEDD37628C9026D00D484CD /* Release */ = {
			isa = XCBuildConfiguration;
			buildSettings = {
				ASSETCATALOG_COMPILER_APPICON_NAME = AppIcon;
				ASSETCATALOG_COMPILER_GLOBAL_ACCENT_COLOR_NAME = AccentColor;
				CODE_SIGN_STYLE = Automatic;
				CURRENT_PROJECT_VERSION = 1;
				DEVELOPMENT_ASSET_PATHS = "\"XcodeBenchmark/Preview Content\"";
				ENABLE_PREVIEWS = YES;
				GENERATE_INFOPLIST_FILE = YES;
				INFOPLIST_KEY_UIApplicationSceneManifest_Generation = YES;
				INFOPLIST_KEY_UIApplicationSupportsIndirectInputEvents = YES;
				INFOPLIST_KEY_UILaunchScreen_Generation = YES;
				INFOPLIST_KEY_UISupportedInterfaceOrientations_iPad = "UIInterfaceOrientationPortrait UIInterfaceOrientationPortraitUpsideDown UIInterfaceOrientationLandscapeLeft UIInterfaceOrientationLandscapeRight";
				INFOPLIST_KEY_UISupportedInterfaceOrientations_iPhone = "UIInterfaceOrientationPortrait UIInterfaceOrientationLandscapeLeft UIInterfaceOrientationLandscapeRight";
				LD_RUNPATH_SEARCH_PATHS = (
					"$(inherited)",
					"@executable_path/Frameworks",
				);
				MARKETING_VERSION = 1.0;
				PRODUCT_BUNDLE_IDENTIFIER = tahabebek.XcodeBenchmark;
				PRODUCT_NAME = "$(TARGET_NAME)";
				SWIFT_EMIT_LOC_STRINGS = YES;
				SWIFT_VERSION = 5.0;
				TARGETED_DEVICE_FAMILY = "1,2";
			};
			name = Release;
		};
		7DEDD37828C9026D00D484CD /* Debug */ = {
			isa = XCBuildConfiguration;
			buildSettings = {
				ALWAYS_EMBED_SWIFT_STANDARD_LIBRARIES = YES;
				BUNDLE_LOADER = "$(TEST_HOST)";
				CODE_SIGN_STYLE = Automatic;
				CURRENT_PROJECT_VERSION = 1;
				GENERATE_INFOPLIST_FILE = YES;
				IPHONEOS_DEPLOYMENT_TARGET = 15.5;
				MARKETING_VERSION = 1.0;
				PRODUCT_BUNDLE_IDENTIFIER = tahabebek.XcodeBenchmarkTests;
				PRODUCT_NAME = "$(TARGET_NAME)";
				SWIFT_EMIT_LOC_STRINGS = NO;
				SWIFT_VERSION = 5.0;
				TARGETED_DEVICE_FAMILY = "1,2";
				TEST_HOST = "$(BUILT_PRODUCTS_DIR)/XcodeBenchmark.app/XcodeBenchmark";
			};
			name = Debug;
		};
		7DEDD37928C9026D00D484CD /* Release */ = {
			isa = XCBuildConfiguration;
			buildSettings = {
				ALWAYS_EMBED_SWIFT_STANDARD_LIBRARIES = YES;
				BUNDLE_LOADER = "$(TEST_HOST)";
				CODE_SIGN_STYLE = Automatic;
				CURRENT_PROJECT_VERSION = 1;
				GENERATE_INFOPLIST_FILE = YES;
				IPHONEOS_DEPLOYMENT_TARGET = 15.5;
				MARKETING_VERSION = 1.0;
				PRODUCT_BUNDLE_IDENTIFIER = tahabebek.XcodeBenchmarkTests;
				PRODUCT_NAME = "$(TARGET_NAME)";
				SWIFT_EMIT_LOC_STRINGS = NO;
				SWIFT_VERSION = 5.0;
				TARGETED_DEVICE_FAMILY = "1,2";
				TEST_HOST = "$(BUILT_PRODUCTS_DIR)/XcodeBenchmark.app/XcodeBenchmark";
			};
			name = Release;
		};
		7DEDD37B28C9026D00D484CD /* Debug */ = {
			isa = XCBuildConfiguration;
			buildSettings = {
				ALWAYS_EMBED_SWIFT_STANDARD_LIBRARIES = YES;
				CODE_SIGN_STYLE = Automatic;
				CURRENT_PROJECT_VERSION = 1;
				GENERATE_INFOPLIST_FILE = YES;
				MARKETING_VERSION = 1.0;
				PRODUCT_BUNDLE_IDENTIFIER = tahabebek.XcodeBenchmarkUITests;
				PRODUCT_NAME = "$(TARGET_NAME)";
				SWIFT_EMIT_LOC_STRINGS = NO;
				SWIFT_VERSION = 5.0;
				TARGETED_DEVICE_FAMILY = "1,2";
				TEST_TARGET_NAME = XcodeBenchmark;
			};
			name = Debug;
		};
		7DEDD37C28C9026D00D484CD /* Release */ = {
			isa = XCBuildConfiguration;
			buildSettings = {
				ALWAYS_EMBED_SWIFT_STANDARD_LIBRARIES = YES;
				CODE_SIGN_STYLE = Automatic;
				CURRENT_PROJECT_VERSION = 1;
				GENERATE_INFOPLIST_FILE = YES;
				MARKETING_VERSION = 1.0;
				PRODUCT_BUNDLE_IDENTIFIER = tahabebek.XcodeBenchmarkUITests;
				PRODUCT_NAME = "$(TARGET_NAME)";
				SWIFT_EMIT_LOC_STRINGS = NO;
				SWIFT_VERSION = 5.0;
				TARGETED_DEVICE_FAMILY = "1,2";
				TEST_TARGET_NAME = XcodeBenchmark;
			};
			name = Release;
		};
/* End XCBuildConfiguration section */

/* Begin XCConfigurationList section */
		7DEDD34B28C9026C00D484CD /* Build configuration list for PBXProject "XcodeBenchmark" */ = {
			isa = XCConfigurationList;
			buildConfigurations = (
				7DEDD37228C9026D00D484CD /* Debug */,
				7DEDD37328C9026D00D484CD /* Release */,
			);
			defaultConfigurationIsVisible = 0;
			defaultConfigurationName = Release;
		};
		7DEDD37428C9026D00D484CD /* Build configuration list for PBXNativeTarget "XcodeBenchmark" */ = {
			isa = XCConfigurationList;
			buildConfigurations = (
				7DEDD37528C9026D00D484CD /* Debug */,
				7DEDD37628C9026D00D484CD /* Release */,
			);
			defaultConfigurationIsVisible = 0;
			defaultConfigurationName = Release;
		};
		7DEDD37728C9026D00D484CD /* Build configuration list for PBXNativeTarget "XcodeBenchmarkTests" */ = {
			isa = XCConfigurationList;
			buildConfigurations = (
				7DEDD37828C9026D00D484CD /* Debug */,
				7DEDD37928C9026D00D484CD /* Release */,
			);
			defaultConfigurationIsVisible = 0;
			defaultConfigurationName = Release;
		};
		7DEDD37A28C9026D00D484CD /* Build configuration list for PBXNativeTarget "XcodeBenchmarkUITests" */ = {
			isa = XCConfigurationList;
			buildConfigurations = (
				7DEDD37B28C9026D00D484CD /* Debug */,
				7DEDD37C28C9026D00D484CD /* Release */,
			);
			defaultConfigurationIsVisible = 0;
			defaultConfigurationName = Release;
		};
/* End XCConfigurationList section */
	};
	rootObject = 7DEDD34828C9026C00D484CD /* Project object */;
}
